
Microsoft Visual Studio Solution File, Format Version 12.00
# Visual Studio Version 17
VisualStudioVersion = 17.9.34728.123
MinimumVisualStudioVersion = 10.0.40219.1
Project("{FAE04EC0-301F-11D3-BF4B-00C04F79EFBC}") = "authentication-service", "authentication-service.csproj", "{01A30BE4-F5EC-4D26-8E98-6CD38AFB164D}"
EndProject
Global
	GlobalSection(SolutionConfigurationPlatforms) = preSolution
		Debug|Any CPU = Debug|Any CPU
		Release|Any CPU = Release|Any CPU
	EndGlobalSection
	GlobalSection(ProjectConfigurationPlatforms) = postSolution
		{01A30BE4-F5EC-4D26-8E98-6CD38AFB164D}.Debug|Any CPU.ActiveCfg = Debug|Any CPU
		{01A30BE4-F5EC-4D26-8E98-6CD38AFB164D}.Debug|Any CPU.Build.0 = Debug|Any CPU
		{01A30BE4-F5EC-4D26-8E98-6CD38AFB164D}.Release|Any CPU.ActiveCfg = Release|Any CPU
		{01A30BE4-F5EC-4D26-8E98-6CD38AFB164D}.Release|Any CPU.Build.0 = Release|Any CPU
	EndGlobalSection
	GlobalSection(SolutionProperties) = preSolution
		HideSolutionNode = FALSE
	EndGlobalSection
	GlobalSection(ExtensibilityGlobals) = postSolution
		SolutionGuid = {2D4004B1-8E84-455B-B65D-0647C4FC56A0}
	EndGlobalSection
EndGlobal
